
Microsoft Visual Studio Solution File, Format Version 12.00
# Visual Studio 15
VisualStudioVersion = 15.0.27004.2009
MinimumVisualStudioVersion = 10.0.40219.1
Project("{F2A71F9B-5D33-465A-A702-920D77279786}") = "Mobiel", "Mobiel\Mobiel.fsproj", "{62B3AE48-EBB8-429A-8C48-D8ECDCEB9C7D}"
EndProject
Project("{FAE04EC0-301F-11D3-BF4B-00C04F79EFBC}") = "Mobiel.Tests", "Mobiel.Tests\Mobiel.Tests.csproj", "{31CF617F-71FC-4428-AE59-B0B4C667F371}"
EndProject
Project("{FAE04EC0-301F-11D3-BF4B-00C04F79EFBC}") = "Mobiel.UI", "Mobiel.UI\Mobiel.UI.csproj", "{44DF642C-2EC7-4E09-BB57-0E1E9942186B}"
EndProject
Project("{F2A71F9B-5D33-465A-A702-920D77279786}") = "Mobiel.Lib", "Mobiel.Lib\Mobiel.Lib.fsproj", "{61505E3E-E03B-4EF0-90B5-6C269DB11524}"
EndProject
Global
	GlobalSection(SolutionConfigurationPlatforms) = preSolution
		Debug|Any CPU = Debug|Any CPU
		Release|Any CPU = Release|Any CPU
	EndGlobalSection
	GlobalSection(ProjectConfigurationPlatforms) = postSolution
		{62B3AE48-EBB8-429A-8C48-D8ECDCEB9C7D}.Debug|Any CPU.ActiveCfg = Debug|Any CPU
		{62B3AE48-EBB8-429A-8C48-D8ECDCEB9C7D}.Debug|Any CPU.Build.0 = Debug|Any CPU
		{62B3AE48-EBB8-429A-8C48-D8ECDCEB9C7D}.Release|Any CPU.ActiveCfg = Release|Any CPU
		{62B3AE48-EBB8-429A-8C48-D8ECDCEB9C7D}.Release|Any CPU.Build.0 = Release|Any CPU
		{31CF617F-71FC-4428-AE59-B0B4C667F371}.Debug|Any CPU.ActiveCfg = Debug|Any CPU
		{31CF617F-71FC-4428-AE59-B0B4C667F371}.Debug|Any CPU.Build.0 = Debug|Any CPU
		{31CF617F-71FC-4428-AE59-B0B4C667F371}.Release|Any CPU.ActiveCfg = Release|Any CPU
		{31CF617F-71FC-4428-AE59-B0B4C667F371}.Release|Any CPU.Build.0 = Release|Any CPU
		{44DF642C-2EC7-4E09-BB57-0E1E9942186B}.Debug|Any CPU.ActiveCfg = Debug|Any CPU
		{44DF642C-2EC7-4E09-BB57-0E1E9942186B}.Debug|Any CPU.Build.0 = Debug|Any CPU
		{44DF642C-2EC7-4E09-BB57-0E1E9942186B}.Release|Any CPU.ActiveCfg = Release|Any CPU
		{44DF642C-2EC7-4E09-BB57-0E1E9942186B}.Release|Any CPU.Build.0 = Release|Any CPU
		{61505E3E-E03B-4EF0-90B5-6C269DB11524}.Debug|Any CPU.ActiveCfg = Debug|Any CPU
		{61505E3E-E03B-4EF0-90B5-6C269DB11524}.Debug|Any CPU.Build.0 = Debug|Any CPU
		{61505E3E-E03B-4EF0-90B5-6C269DB11524}.Release|Any CPU.ActiveCfg = Release|Any CPU
		{61505E3E-E03B-4EF0-90B5-6C269DB11524}.Release|Any CPU.Build.0 = Release|Any CPU
	EndGlobalSection
	GlobalSection(SolutionProperties) = preSolution
		HideSolutionNode = FALSE
	EndGlobalSection
	GlobalSection(ExtensibilityGlobals) = postSolution
		SolutionGuid = {890CD8CD-BEBB-4BF4-AAE1-7494EE73BE33}
	EndGlobalSection
EndGlobal
